{
  "meteor": {},
  "dependencies": {
    "basePackages": {
      "bower": {},
      "ngMeteor": {}
    },
    "packages": {
      "bower": {
        "git": "https://github.com/mquandalle/meteor-bower.git",
        "tag": "v0.1.10",
        "commit": "ba0081a9f2919918f48f6b2f9e2f33729c79aecc"
      },
      "ngMeteor": {
        "git": "https://github.com/loneleeandroo/ngMeteor.git",
        "tag": "v0.1.23",
        "commit": "20b97a0b03e8c2a93307a6e0a92b736d88e0412f"
      }
    }
  }
}
